
Microsoft Visual Studio Solution File, Format Version 12.00
# Visual Studio Version 17
VisualStudioVersion = 17.7.34031.279
MinimumVisualStudioVersion = 10.0.40219.1
<<<<<<< HEAD
Project("{FAE04EC0-301F-11D3-BF4B-00C04F79EFBC}") = "GitVisualizer", "GitVisualizer\GitVisualizer.csproj", "{7C491A65-FE80-40E1-8AE7-9BD235A08614}"
=======
Project("{FAE04EC0-301F-11D3-BF4B-00C04F79EFBC}") = "GitVisualizer", "GitVisualizer\GitVisualizer.csproj", "{03A2875C-A564-4F93-9688-6BAF48292612}"
>>>>>>> 5b7001cf9240c16d0aeb9ab404f504318e89d4c5
EndProject
Global
	GlobalSection(SolutionConfigurationPlatforms) = preSolution
		Debug|Any CPU = Debug|Any CPU
		Release|Any CPU = Release|Any CPU
	EndGlobalSection
	GlobalSection(ProjectConfigurationPlatforms) = postSolution
<<<<<<< HEAD
		{7C491A65-FE80-40E1-8AE7-9BD235A08614}.Debug|Any CPU.ActiveCfg = Debug|Any CPU
		{7C491A65-FE80-40E1-8AE7-9BD235A08614}.Debug|Any CPU.Build.0 = Debug|Any CPU
		{7C491A65-FE80-40E1-8AE7-9BD235A08614}.Release|Any CPU.ActiveCfg = Release|Any CPU
		{7C491A65-FE80-40E1-8AE7-9BD235A08614}.Release|Any CPU.Build.0 = Release|Any CPU
=======
		{03A2875C-A564-4F93-9688-6BAF48292612}.Debug|Any CPU.ActiveCfg = Debug|Any CPU
		{03A2875C-A564-4F93-9688-6BAF48292612}.Debug|Any CPU.Build.0 = Debug|Any CPU
		{03A2875C-A564-4F93-9688-6BAF48292612}.Release|Any CPU.ActiveCfg = Release|Any CPU
		{03A2875C-A564-4F93-9688-6BAF48292612}.Release|Any CPU.Build.0 = Release|Any CPU
>>>>>>> 5b7001cf9240c16d0aeb9ab404f504318e89d4c5
	EndGlobalSection
	GlobalSection(SolutionProperties) = preSolution
		HideSolutionNode = FALSE
	EndGlobalSection
	GlobalSection(ExtensibilityGlobals) = postSolution
<<<<<<< HEAD
		SolutionGuid = {3BC70B10-F59B-4564-AEBD-6035135547A9}
=======
		SolutionGuid = {E5828D6F-33C7-4B4A-8318-7217ED943DDC}
>>>>>>> 5b7001cf9240c16d0aeb9ab404f504318e89d4c5
	EndGlobalSection
EndGlobal
