
Microsoft Visual Studio Solution File, Format Version 12.00
# Visual Studio Version 17
VisualStudioVersion = 17.7.34031.279
MinimumVisualStudioVersion = 10.0.40219.1
Project("{FAE04EC0-301F-11D3-BF4B-00C04F79EFBC}") = "GitVisualizer", "GitVisualizer\GitVisualizer.csproj", "{DCA60D1C-19AB-42BF-8530-4AEABFDFC33C}"
EndProject
Global
	GlobalSection(SolutionConfigurationPlatforms) = preSolution
		Debug|Any CPU = Debug|Any CPU
		Release|Any CPU = Release|Any CPU
	EndGlobalSection
	GlobalSection(ProjectConfigurationPlatforms) = postSolution
		{DCA60D1C-19AB-42BF-8530-4AEABFDFC33C}.Debug|Any CPU.ActiveCfg = Debug|Any CPU
		{DCA60D1C-19AB-42BF-8530-4AEABFDFC33C}.Debug|Any CPU.Build.0 = Debug|Any CPU
		{DCA60D1C-19AB-42BF-8530-4AEABFDFC33C}.Release|Any CPU.ActiveCfg = Release|Any CPU
		{DCA60D1C-19AB-42BF-8530-4AEABFDFC33C}.Release|Any CPU.Build.0 = Release|Any CPU
	EndGlobalSection
	GlobalSection(SolutionProperties) = preSolution
		HideSolutionNode = FALSE
	EndGlobalSection
	GlobalSection(ExtensibilityGlobals) = postSolution
		SolutionGuid = {E5EC8203-7F2A-498F-9730-D1B615182319}
	EndGlobalSection
EndGlobal
