
Microsoft Visual Studio Solution File, Format Version 12.00
# Visual Studio Version 17
VisualStudioVersion = 17.7.34031.279
MinimumVisualStudioVersion = 10.0.40219.1
Project("{FAE04EC0-301F-11D3-BF4B-00C04F79EFBC}") = "GitVisualizer", "GitVisualizer\GitVisualizer.csproj", "{7C491A65-FE80-40E1-8AE7-9BD235A08614}"
EndProject
Global
	GlobalSection(SolutionConfigurationPlatforms) = preSolution
		Debug|Any CPU = Debug|Any CPU
		Release|Any CPU = Release|Any CPU
	EndGlobalSection
	GlobalSection(ProjectConfigurationPlatforms) = postSolution
		{7C491A65-FE80-40E1-8AE7-9BD235A08614}.Debug|Any CPU.ActiveCfg = Debug|Any CPU
		{7C491A65-FE80-40E1-8AE7-9BD235A08614}.Debug|Any CPU.Build.0 = Debug|Any CPU
		{7C491A65-FE80-40E1-8AE7-9BD235A08614}.Release|Any CPU.ActiveCfg = Release|Any CPU
		{7C491A65-FE80-40E1-8AE7-9BD235A08614}.Release|Any CPU.Build.0 = Release|Any CPU
	EndGlobalSection
	GlobalSection(SolutionProperties) = preSolution
		HideSolutionNode = FALSE
	EndGlobalSection
	GlobalSection(ExtensibilityGlobals) = postSolution
		SolutionGuid = {3BC70B10-F59B-4564-AEBD-6035135547A9}
	EndGlobalSection
EndGlobal
